# This file is @generated by PDM.
# It is not intended for manual editing.

[metadata]
groups = ["default", "test"]
strategy = ["inherit_metadata"]
lock_version = "4.5.0"
content_hash = "sha256:e12075e8df7beb588d1e8584e9bf98ee45db51964afacb0f6e7ee12b86178a2b"

[[metadata.targets]]
requires_python = ""

[[package]]
name = "argparse"
version = "1.4.0"
summary = "Python command-line parsing library"
groups = ["test"]
marker = "python_version == \"2.6\""
files = [
    {file = "argparse-1.4.0-py2.py3-none-any.whl", hash = "sha256:c31647edb69fd3d465a847ea3157d37bed1f95f19760b11a47aa91c04b666314"},
    {file = "argparse-1.4.0.tar.gz", hash = "sha256:62b089a55be1d8949cd2bc7e0df0bddb9e028faefc8c32038cc84862aefdd6e4"},
]

[[package]]
name = "colorama"
version = "0.3.9"
summary = "Cross-platform colored terminal text."
groups = ["test"]
marker = "sys_platform == \"win32\""
files = [
    {file = "colorama-0.3.9-py2.py3-none-any.whl", hash = "sha256:463f8483208e921368c9f306094eb6f725c6ca42b0f97e313cb5d5512459feda"},
    {file = "colorama-0.3.9.tar.gz", hash = "sha256:48eb22f4f8461b1df5734a074b57042430fb06e1d61bd1e11b078c0fe6d7a1f1"},
]

[[package]]
name = "ordereddict"
version = "1.1"
summary = ""
groups = ["test"]
marker = "python_version == \"2.6\""
files = [
    {file = "ordereddict-1.1.tar.gz", hash = "sha256:1c35b4ac206cef2d24816c89f89cf289dd3d38cf7c449bb3fab7bf6d43f01b1f"},
]

[[package]]
name = "py"
version = "1.4.34"
summary = "library with cross-python path, ini-parsing, io, code, log facilities"
groups = ["test"]
files = [
    {file = "py-1.4.34-py2.py3-none-any.whl", hash = "sha256:2ccb79b01769d99115aa600d7eed99f524bf752bba8f041dc1c184853514655a"},
    {file = "py-1.4.34.tar.gz", hash = "sha256:0f2d585d22050e90c7d293b6451c83db097df77871974d90efd5a30dc12fcde3"},
]

[[package]]
name = "py4j"
version = "0.10.9.7"
summary = "Enables Python programs to dynamically access arbitrary Java objects"
groups = ["default"]
files = [
    {file = "py4j-0.10.9.7-py2.py3-none-any.whl", hash = "sha256:85defdfd2b2376eb3abf5ca6474b51ab7e0de341c75a02f46dc9b5976f5a5c1b"},
    {file = "py4j-0.10.9.7.tar.gz", hash = "sha256:0b6e5315bb3ada5cf62ac651d107bb2ebc02def3dee9d9548e3baac644ea8dbb"},
]

[[package]]
name = "pytest"
version = "3.2.5"
summary = "pytest: simple powerful testing with Python"
groups = ["test"]
dependencies = [
    "argparse; python_version == \"2.6\"",
    "colorama; sys_platform == \"win32\"",
    "ordereddict; python_version == \"2.6\"",
    "py>=1.4.33",
    "setuptools",
]
files = [
    {file = "pytest-3.2.5-py2.py3-none-any.whl", hash = "sha256:241d7e7798d79192a123ceaf64c602b4d233eacf6d6e42ae27caa97f498b7dc6"},
    {file = "pytest-3.2.5.tar.gz", hash = "sha256:6d5bd4f7113b444c55a3bbb5c738a3dd80d43563d063fc42dcb0aaefbdd78b81"},
]

[[package]]
name = "setuptools"
version = "30.1.0"
summary = "Easily download, build, install, upgrade, and uninstall Python packages"
groups = ["test"]
files = [
    {file = "setuptools-30.1.0-py2.py3-none-any.whl", hash = "sha256:3861f9b31fb4c6e9bdf6e485adcaf982d12dbd45a9108cea7b08817d6fdea18d"},
    {file = "setuptools-30.1.0.tar.gz", hash = "sha256:73c7f183260cec2ef870128c77106ba7a978649b8c4cddc320ec3547615e885f"},
    {file = "setuptools-30.1.0.zip", hash = "sha256:cf8bfab0fe44fa0c2f2b2626cdb938e8023711af053b1c12a2aba319b2f5f8cc"},
]
